
Microsoft Visual Studio Solution File, Format Version 12.00
# Visual Studio Version 16
VisualStudioVersion = 16.0.30330.147
MinimumVisualStudioVersion = 10.0.40219.1
Project("{FAE04EC0-301F-11D3-BF4B-00C04F79EFBC}") = "Fight_til_the_End", "Fight_til_the_End.csproj", "{D21F9E78-ED68-431F-ACD9-DD8C9306F28F}"
EndProject
Global
	GlobalSection(SolutionConfigurationPlatforms) = preSolution
		Debug|Any CPU = Debug|Any CPU
		Release|Any CPU = Release|Any CPU
	EndGlobalSection
	GlobalSection(ProjectConfigurationPlatforms) = postSolution
		{D21F9E78-ED68-431F-ACD9-DD8C9306F28F}.Debug|Any CPU.ActiveCfg = Debug|Any CPU
		{D21F9E78-ED68-431F-ACD9-DD8C9306F28F}.Debug|Any CPU.Build.0 = Debug|Any CPU
		{D21F9E78-ED68-431F-ACD9-DD8C9306F28F}.Release|Any CPU.ActiveCfg = Release|Any CPU
		{D21F9E78-ED68-431F-ACD9-DD8C9306F28F}.Release|Any CPU.Build.0 = Release|Any CPU
	EndGlobalSection
	GlobalSection(SolutionProperties) = preSolution
		HideSolutionNode = FALSE
	EndGlobalSection
	GlobalSection(ExtensibilityGlobals) = postSolution
		SolutionGuid = {E2FAF1DE-8A0F-4EE5-94CF-B6779A94B9D5}
	EndGlobalSection
EndGlobal
